
Microsoft Visual Studio Solution File, Format Version 12.00
# Visual Studio 2013
VisualStudioVersion = 12.0.20623.1 VSUPREVIEW
MinimumVisualStudioVersion = 10.0.40219.1
Project("{FAE04EC0-301F-11D3-BF4B-00C04F79EFBC}") = "AntwerpRC.UI.Umbraco", "AntwerpRC.UI.Umbraco\AntwerpRC.UI.Umbraco.csproj", "{8A9619A2-D492-40C8-8551-1F5C1E5630B8}"
EndProject
Project("{FAE04EC0-301F-11D3-BF4B-00C04F79EFBC}") = "AntwerpRC.UI.FrontEnd", "AntwerpRC.UI.FrontEnd\AntwerpRC.UI.FrontEnd.csproj", "{A9D2C43C-ACF6-41E8-B8ED-15583EA47055}"
EndProject
Project("{FAE04EC0-301F-11D3-BF4B-00C04F79EFBC}") = "AntwerpRC.UI.BackEnd", "AntwerpRC.UI.BackEnd\AntwerpRC.UI.BackEnd.csproj", "{74B30479-5E4F-4087-8789-50A17C79A65C}"
EndProject
Project("{FAE04EC0-301F-11D3-BF4B-00C04F79EFBC}") = "AntwerpRC.BDO", "AntwerpRC.BDO\AntwerpRC.BDO.csproj", "{7B1048DC-26C7-47FB-818C-55E6CA4E9B66}"
EndProject
Project("{FAE04EC0-301F-11D3-BF4B-00C04F79EFBC}") = "AntwerpRC.DAL", "AntwerpRC.DAL\AntwerpRC.DAL.csproj", "{1AF33C33-1AB6-45DE-B4EC-447DF4372F34}"
EndProject
Project("{FAE04EC0-301F-11D3-BF4B-00C04F79EFBC}") = "AntwerpRC.BLL", "AntwerpRC.BLL\AntwerpRC.BLL.csproj", "{7E16489F-8754-47C4-A37A-353B5F7A3419}"
EndProject
Project("{FAE04EC0-301F-11D3-BF4B-00C04F79EFBC}") = "AntwerpRC.BLL.Test", "AntwerpRC.BLL.Test\AntwerpRC.BLL.Test.csproj", "{D2C95662-5357-4DF9-A6B4-EFBEBBA03012}"
EndProject
Project("{2150E333-8FDC-42A3-9474-1A3956D46DE8}") = "UI", "UI", "{17EABC7A-14E8-4FB6-A491-472424C99046}"
EndProject
Project("{2150E333-8FDC-42A3-9474-1A3956D46DE8}") = "Database", "Database", "{ED99243D-A4DA-43C3-B3EF-FAD87583E2AD}"
EndProject
Project("{2150E333-8FDC-42A3-9474-1A3956D46DE8}") = "BLL-BDO", "BLL-BDO", "{17A9881C-320E-477E-9DF7-7329B4B879E0}"
EndProject
Project("{2150E333-8FDC-42A3-9474-1A3956D46DE8}") = "Unit Tests", "Unit Tests", "{BB633C7C-536A-4BB7-AFFD-0E206E8C86C6}"
EndProject
Project("{FAE04EC0-301F-11D3-BF4B-00C04F79EFBC}") = "AntwerpRC.Score.Fetcher", "AntwerpRC.Score.Fetcher\AntwerpRC.Score.Fetcher.csproj", "{02AD0E60-9F47-44CB-9B6F-3EA385E82463}"
EndProject
Project("{2150E333-8FDC-42A3-9474-1A3956D46DE8}") = "External logic", "External logic", "{F5529E3D-3157-499E-93C2-A1B7F246BE7F}"
EndProject
Project("{FAE04EC0-301F-11D3-BF4B-00C04F79EFBC}") = "AntwerpRC.TestConsole", "AntwerpRC.TestConsole\AntwerpRC.TestConsole.csproj", "{8F8ABB1D-AF24-475E-96F4-A15257DF8DF6}"
EndProject
Global
	GlobalSection(SolutionConfigurationPlatforms) = preSolution
		Debug|Any CPU = Debug|Any CPU
		Release|Any CPU = Release|Any CPU
	EndGlobalSection
	GlobalSection(ProjectConfigurationPlatforms) = postSolution
		{8A9619A2-D492-40C8-8551-1F5C1E5630B8}.Debug|Any CPU.ActiveCfg = Debug|Any CPU
		{8A9619A2-D492-40C8-8551-1F5C1E5630B8}.Debug|Any CPU.Build.0 = Debug|Any CPU
		{8A9619A2-D492-40C8-8551-1F5C1E5630B8}.Release|Any CPU.ActiveCfg = Release|Any CPU
		{8A9619A2-D492-40C8-8551-1F5C1E5630B8}.Release|Any CPU.Build.0 = Release|Any CPU
		{A9D2C43C-ACF6-41E8-B8ED-15583EA47055}.Debug|Any CPU.ActiveCfg = Debug|Any CPU
		{A9D2C43C-ACF6-41E8-B8ED-15583EA47055}.Debug|Any CPU.Build.0 = Debug|Any CPU
		{A9D2C43C-ACF6-41E8-B8ED-15583EA47055}.Release|Any CPU.ActiveCfg = Release|Any CPU
		{A9D2C43C-ACF6-41E8-B8ED-15583EA47055}.Release|Any CPU.Build.0 = Release|Any CPU
		{74B30479-5E4F-4087-8789-50A17C79A65C}.Debug|Any CPU.ActiveCfg = Debug|Any CPU
		{74B30479-5E4F-4087-8789-50A17C79A65C}.Debug|Any CPU.Build.0 = Debug|Any CPU
		{74B30479-5E4F-4087-8789-50A17C79A65C}.Release|Any CPU.ActiveCfg = Release|Any CPU
		{74B30479-5E4F-4087-8789-50A17C79A65C}.Release|Any CPU.Build.0 = Release|Any CPU
		{7B1048DC-26C7-47FB-818C-55E6CA4E9B66}.Debug|Any CPU.ActiveCfg = Debug|Any CPU
		{7B1048DC-26C7-47FB-818C-55E6CA4E9B66}.Debug|Any CPU.Build.0 = Debug|Any CPU
		{7B1048DC-26C7-47FB-818C-55E6CA4E9B66}.Release|Any CPU.ActiveCfg = Release|Any CPU
		{7B1048DC-26C7-47FB-818C-55E6CA4E9B66}.Release|Any CPU.Build.0 = Release|Any CPU
		{1AF33C33-1AB6-45DE-B4EC-447DF4372F34}.Debug|Any CPU.ActiveCfg = Debug|Any CPU
		{1AF33C33-1AB6-45DE-B4EC-447DF4372F34}.Debug|Any CPU.Build.0 = Debug|Any CPU
		{1AF33C33-1AB6-45DE-B4EC-447DF4372F34}.Release|Any CPU.ActiveCfg = Release|Any CPU
		{1AF33C33-1AB6-45DE-B4EC-447DF4372F34}.Release|Any CPU.Build.0 = Release|Any CPU
		{7E16489F-8754-47C4-A37A-353B5F7A3419}.Debug|Any CPU.ActiveCfg = Debug|Any CPU
		{7E16489F-8754-47C4-A37A-353B5F7A3419}.Debug|Any CPU.Build.0 = Debug|Any CPU
		{7E16489F-8754-47C4-A37A-353B5F7A3419}.Release|Any CPU.ActiveCfg = Release|Any CPU
		{7E16489F-8754-47C4-A37A-353B5F7A3419}.Release|Any CPU.Build.0 = Release|Any CPU
		{D2C95662-5357-4DF9-A6B4-EFBEBBA03012}.Debug|Any CPU.ActiveCfg = Debug|Any CPU
		{D2C95662-5357-4DF9-A6B4-EFBEBBA03012}.Debug|Any CPU.Build.0 = Debug|Any CPU
		{D2C95662-5357-4DF9-A6B4-EFBEBBA03012}.Release|Any CPU.ActiveCfg = Release|Any CPU
		{D2C95662-5357-4DF9-A6B4-EFBEBBA03012}.Release|Any CPU.Build.0 = Release|Any CPU
		{02AD0E60-9F47-44CB-9B6F-3EA385E82463}.Debug|Any CPU.ActiveCfg = Debug|Any CPU
		{02AD0E60-9F47-44CB-9B6F-3EA385E82463}.Debug|Any CPU.Build.0 = Debug|Any CPU
		{02AD0E60-9F47-44CB-9B6F-3EA385E82463}.Release|Any CPU.ActiveCfg = Release|Any CPU
		{02AD0E60-9F47-44CB-9B6F-3EA385E82463}.Release|Any CPU.Build.0 = Release|Any CPU
		{8F8ABB1D-AF24-475E-96F4-A15257DF8DF6}.Debug|Any CPU.ActiveCfg = Debug|Any CPU
		{8F8ABB1D-AF24-475E-96F4-A15257DF8DF6}.Debug|Any CPU.Build.0 = Debug|Any CPU
		{8F8ABB1D-AF24-475E-96F4-A15257DF8DF6}.Release|Any CPU.ActiveCfg = Release|Any CPU
		{8F8ABB1D-AF24-475E-96F4-A15257DF8DF6}.Release|Any CPU.Build.0 = Release|Any CPU
	EndGlobalSection
	GlobalSection(SolutionProperties) = preSolution
		HideSolutionNode = FALSE
	EndGlobalSection
	GlobalSection(NestedProjects) = preSolution
		{A9D2C43C-ACF6-41E8-B8ED-15583EA47055} = {17EABC7A-14E8-4FB6-A491-472424C99046}
		{74B30479-5E4F-4087-8789-50A17C79A65C} = {17EABC7A-14E8-4FB6-A491-472424C99046}
		{8A9619A2-D492-40C8-8551-1F5C1E5630B8} = {17EABC7A-14E8-4FB6-A491-472424C99046}
		{7E16489F-8754-47C4-A37A-353B5F7A3419} = {17A9881C-320E-477E-9DF7-7329B4B879E0}
		{7B1048DC-26C7-47FB-818C-55E6CA4E9B66} = {17A9881C-320E-477E-9DF7-7329B4B879E0}
		{1AF33C33-1AB6-45DE-B4EC-447DF4372F34} = {ED99243D-A4DA-43C3-B3EF-FAD87583E2AD}
		{D2C95662-5357-4DF9-A6B4-EFBEBBA03012} = {BB633C7C-536A-4BB7-AFFD-0E206E8C86C6}
		{02AD0E60-9F47-44CB-9B6F-3EA385E82463} = {F5529E3D-3157-499E-93C2-A1B7F246BE7F}
	EndGlobalSection
EndGlobal
